{
  "name": "custom-controls",
  "version": "0.0.1",
  "lockfileVersion": 3,
  "requires": true,
  "packages": {
    "": {
      "name": "custom-controls",
      "version": "0.0.1",
      "license": "MIT",
      "devDependencies": {
        "@abap2ui5/linter": "^0.2.1",
        "@abaplint/cli": "^2.119.66",
        "@fortawesome/fontawesome-free": "6.5.2",
        "acorn": "^8.15.0",
        "animate.css": "4.1.1",
        "bwip-js": "4.1.1",
        "chart.js": "4.4.1",
        "chartjs-chart-venn": "4.3.7",
        "chartjs-chart-wordcloud": "4.3.2",
        "chartjs-plugin-annotation": "3.0.1",
        "chartjs-plugin-autocolors": "0.3.1",
        "chartjs-plugin-datalabels": "2.2.0",
        "chartjs-plugin-deferred": "2.0.0",
        "dompurify": "3.4.13",
        "driver.js": "1.3.1",
        "marked": "12.0.2"
      },
      "engines": {
        "node": ">=22"
      }
    },
    "node_modules/@abap2ui5/linter": {
      "version": "0.2.2",
      "resolved": "https://registry.npmjs.org/@abap2ui5/linter/-/linter-0.2.2.tgz",
      "integrity": "sha512-WegxIRN5M5gH13Ye5Mo13fbpjAZ183J0ei1iArCfEiKUPAGqHot20NnckpNnXHX+YPHCkehA+Z0QapXjaLK1Tw==",
      "dev": true,
      "license": "MIT",
      "workspaces": [
        "render-runtime"
      ],
      "bin": {
        "abap2ui5lint": "cli.mjs"
      },
      "engines": {
        "node": ">=22"
      },
      "peerDependencies": {
        "@abap2ui5/render-runtime": "^0.1.0 || ^0.2.0"
      },
      "peerDependenciesMeta": {
        "@abap2ui5/render-runtime": {
          "optional": true
        }
      }
    },
    "node_modules/@abaplint/cli": {
      "version": "2.120.24",
      "resolved": "https://registry.npmjs.org/@abaplint/cli/-/cli-2.120.24.tgz",
      "integrity": "sha512-NOIxEvjhFeUDTxa3UYwiAbGiHaEC9r9u/b8eh3LoqWitt6rG7Z/FGAYnGgD8swGfpZe3vXp5atDyOJFhZ2DbUQ==",
      "dev": true,
      "license": "MIT",
      "bin": {
        "abaplint": "abaplint"
      },
      "engines": {
        "node": ">=22.0.0"
      },
      "funding": {
        "url": "https://github.com/sponsors/larshp"
      }
    },
    "node_modules/@fortawesome/fontawesome-free": {
      "version": "6.5.2",
      "resolved": "https://registry.npmjs.org/@fortawesome/fontawesome-free/-/fontawesome-free-6.5.2.tgz",
      "integrity": "sha512-hRILoInAx8GNT5IMkrtIt9blOdrqHOnPBH+k70aWUAqPZPgopb9G5EQJFpaBx/S8zp2fC+mPW349Bziuk1o28Q==",
      "dev": true,
      "hasInstallScript": true,
      "license": "(CC-BY-4.0 AND OFL-1.1 AND MIT)",
      "engines": {
        "node": ">=6"
      }
    },
    "node_modules/@kurkle/color": {
      "version": "0.3.4",
      "resolved": "https://registry.npmjs.org/@kurkle/color/-/color-0.3.4.tgz",
      "integrity": "sha512-M5UknZPHRu3DEDWoipU6sE8PdkZ6Z/S+v4dD+Ke8IaNlpdSQah50lz1KtcFBa2vsdOnwbbnxJwVM4wty6udA5w==",
      "dev": true,
      "license": "MIT"
    },
    "node_modules/@types/d3": {
      "version": "3.5.53",
      "resolved": "https://registry.npmjs.org/@types/d3/-/d3-3.5.53.tgz",
      "integrity": "sha512-8yKQA9cAS6+wGsJpBysmnhlaaxlN42Qizqkw+h2nILSlS+MAG2z4JdO6p+PJrJ+ACvimkmLJL281h157e52psQ==",
      "dev": true,
      "license": "MIT"
    },
    "node_modules/@types/d3-cloud": {
      "version": "1.2.9",
      "resolved": "https://registry.npmjs.org/@types/d3-cloud/-/d3-cloud-1.2.9.tgz",
      "integrity": "sha512-5EWJvnlCrqTThGp8lYHx+DL00sOjx2HTlXH1WRe93k5pfOIhPQaL63NttaKYIbT7bTXp/USiunjNS/N4ipttIQ==",
      "dev": true,
      "license": "MIT",
      "dependencies": {
        "@types/d3": "^3"
      }
    },
    "node_modules/@types/trusted-types": {
      "version": "2.0.7",
      "resolved": "https://registry.npmjs.org/@types/trusted-types/-/trusted-types-2.0.7.tgz",
      "integrity": "sha512-ScaPdn1dQczgbl0QFTeTOmVHFULt394XJgOQNoyVhZ6r2vLnMLJfBPd53SB52T/3G36VI1/g2MZaX0cwDuXsfw==",
      "dev": true,
      "license": "MIT",
      "optional": true
    },
    "node_modules/@upsetjs/venn.js": {
      "version": "2.0.0",
      "resolved": "https://registry.npmjs.org/@upsetjs/venn.js/-/venn.js-2.0.0.tgz",
      "integrity": "sha512-WbBhLrooyePuQ1VZxrJjtLvTc4NVfpOyKx0sKqioq9bX1C1m7Jgykkn8gLrtwumBioXIqam8DLxp88Adbue6Hw==",
      "dev": true,
      "license": "MIT",
      "optionalDependencies": {
        "d3-selection": "^3.0.0",
        "d3-transition": "^3.0.1"
      }
    },
    "node_modules/acorn": {
      "version": "8.18.0",
      "resolved": "https://registry.npmjs.org/acorn/-/acorn-8.18.0.tgz",
      "integrity": "sha512-lGq+9yr1/GuAWaVYIHRjvvySG5/4VfKIvC8EWxStPdcDh/Ka7FG3twP6v4d5BkravUilhIAsG4Qj83t02LWUPQ==",
      "dev": true,
      "license": "MIT",
      "bin": {
        "acorn": "bin/acorn"
      },
      "engines": {
        "node": ">=0.4.0"
      }
    },
    "node_modules/animate.css": {
      "version": "4.1.1",
      "resolved": "https://registry.npmjs.org/animate.css/-/animate.css-4.1.1.tgz",
      "integrity": "sha512-+mRmCTv6SbCmtYJCN4faJMNFVNN5EuCTTprDTAo7YzIGji2KADmakjVA3+8mVDkZ2Bf09vayB35lSQIex2+QaQ==",
      "dev": true,
      "license": "MIT"
    },
    "node_modules/bwip-js": {
      "version": "4.1.1",
      "resolved": "https://registry.npmjs.org/bwip-js/-/bwip-js-4.1.1.tgz",
      "integrity": "sha512-lNuBlfanFb7JqZLznuNM+YalOv/8b8VgxZOV51+6D01rdpe62+DDeqnt8gufQgBeXWjIPSKOCnQeKNfrb3M3UA==",
      "dev": true,
      "license": "MIT",
      "bin": {
        "bwip-js": "bin/bwip-js.js"
      }
    },
    "node_modules/chart.js": {
      "version": "4.4.1",
      "resolved": "https://registry.npmjs.org/chart.js/-/chart.js-4.4.1.tgz",
      "integrity": "sha512-C74QN1bxwV1v2PEujhmKjOZ7iUM4w6BWs23Md/6aOZZSlwMzeCIDGuZay++rBgChYru7/+QFeoQW0fQoP534Dg==",
      "dev": true,
      "license": "MIT",
      "dependencies": {
        "@kurkle/color": "^0.3.0"
      },
      "engines": {
        "pnpm": ">=7"
      }
    },
    "node_modules/chartjs-chart-venn": {
      "version": "4.3.7",
      "resolved": "https://registry.npmjs.org/chartjs-chart-venn/-/chartjs-chart-venn-4.3.7.tgz",
      "integrity": "sha512-8nJMlaZ4i41RzlJL+3dEreD+M9/c3t4EwH1TXK3BpE3ZqusbVsdlJyq38xeZ2njSYSeE8r5ECgFegOdUoiCIvA==",
      "dev": true,
      "license": "MIT",
      "dependencies": {
        "@upsetjs/venn.js": "^2.0.0"
      },
      "peerDependencies": {
        "chart.js": "^4.1.0"
      }
    },
    "node_modules/chartjs-chart-wordcloud": {
      "version": "4.3.2",
      "resolved": "https://registry.npmjs.org/chartjs-chart-wordcloud/-/chartjs-chart-wordcloud-4.3.2.tgz",
      "integrity": "sha512-ayPoZxXC5sqGvs2naEVaRhddMnjSKntE+TZdqLTQ/PfchwgFs1tAqYGJtldHbsNrFdRJPvIs4bwtrgZ2M+S6Tw==",
      "dev": true,
      "license": "MIT",
      "dependencies": {
        "@types/d3-cloud": "^1.2.7",
        "d3-cloud": "^1.2.7"
      },
      "peerDependencies": {
        "chart.js": "^4.1.0"
      }
    },
    "node_modules/chartjs-plugin-annotation": {
      "version": "3.0.1",
      "resolved": "https://registry.npmjs.org/chartjs-plugin-annotation/-/chartjs-plugin-annotation-3.0.1.tgz",
      "integrity": "sha512-hlIrXXKqSDgb+ZjVYHefmlZUXK8KbkCPiynSVrTb/HjTMkT62cOInaT1NTQCKtxKKOm9oHp958DY3RTAFKtkHg==",
      "dev": true,
      "license": "MIT",
      "peerDependencies": {
        "chart.js": ">=4.0.0"
      }
    },
    "node_modules/chartjs-plugin-autocolors": {
      "version": "0.3.1",
      "resolved": "https://registry.npmjs.org/chartjs-plugin-autocolors/-/chartjs-plugin-autocolors-0.3.1.tgz",
      "integrity": "sha512-8FHemt0Ef5BM7kQimh4eAkCRFPBav4seUFi7nEaShX+DjZMU9V4LqEDgXNglKbnYTTn3QmoG4v9gyiQDUAk9WQ==",
      "dev": true,
      "license": "MIT",
      "peerDependencies": {
        "@kurkle/color": "^0.3.1",
        "chart.js": ">=2"
      }
    },
    "node_modules/chartjs-plugin-datalabels": {
      "version": "2.2.0",
      "resolved": "https://registry.npmjs.org/chartjs-plugin-datalabels/-/chartjs-plugin-datalabels-2.2.0.tgz",
      "integrity": "sha512-14ZU30lH7n89oq+A4bWaJPnAG8a7ZTk7dKf48YAzMvJjQtjrgg5Dpk9f+LbjCF6bpx3RAGTeL13IXpKQYyRvlw==",
      "dev": true,
      "license": "MIT",
      "peerDependencies": {
        "chart.js": ">=3.0.0"
      }
    },
    "node_modules/chartjs-plugin-deferred": {
      "version": "2.0.0",
      "resolved": "https://registry.npmjs.org/chartjs-plugin-deferred/-/chartjs-plugin-deferred-2.0.0.tgz",
      "integrity": "sha512-jq6b8Wt23WS6zxiX8oVB1MXq4uaJX2KGTyiqnq6xo4ctZPgFkT/FuIEKpJjsF1WkYv7ZQrqrrRg1fLw6O5ZEfQ==",
      "dev": true,
      "license": "MIT",
      "peerDependencies": {
        "chart.js": ">= 3.0.0"
      }
    },
    "node_modules/d3-cloud": {
      "version": "1.2.9",
      "resolved": "https://registry.npmjs.org/d3-cloud/-/d3-cloud-1.2.9.tgz",
      "integrity": "sha512-leL1GLneC9ZQtnV+6TGWrNlGfI1WX7S2arcTv2vae12DaXo5wjm6GBCkskXbrDlyOymd/A75Pyj1H37MW4BZ/Q==",
      "dev": true,
      "license": "BSD-3-Clause",
      "dependencies": {
        "d3-dispatch": "^1.0.3"
      }
    },
    "node_modules/d3-color": {
      "version": "3.1.0",
      "resolved": "https://registry.npmjs.org/d3-color/-/d3-color-3.1.0.tgz",
      "integrity": "sha512-zg/chbXyeBtMQ1LbD/WSoW2DpC3I0mpmPdW+ynRTj/x2DAWYrIY7qeZIHidozwV24m4iavr15lNwIwLxRmOxhA==",
      "dev": true,
      "license": "ISC",
      "optional": true,
      "engines": {
        "node": ">=12"
      }
    },
    "node_modules/d3-dispatch": {
      "version": "1.0.6",
      "resolved": "https://registry.npmjs.org/d3-dispatch/-/d3-dispatch-1.0.6.tgz",
      "integrity": "sha512-fVjoElzjhCEy+Hbn8KygnmMS7Or0a9sI2UzGwoB7cCtvI1XpVN9GpoYlnb3xt2YV66oXYb1fLJ8GMvP4hdU1RA==",
      "dev": true,
      "license": "BSD-3-Clause"
    },
    "node_modules/d3-ease": {
      "version": "3.0.1",
      "resolved": "https://registry.npmjs.org/d3-ease/-/d3-ease-3.0.1.tgz",
      "integrity": "sha512-wR/XK3D3XcLIZwpbvQwQ5fK+8Ykds1ip7A2Txe0yxncXSdq1L9skcG7blcedkOX+ZcgxGAmLX1FrRGbADwzi0w==",
      "dev": true,
      "license": "BSD-3-Clause",
      "optional": true,
      "engines": {
        "node": ">=12"
      }
    },
    "node_modules/d3-interpolate": {
      "version": "3.0.1",
      "resolved": "https://registry.npmjs.org/d3-interpolate/-/d3-interpolate-3.0.1.tgz",
      "integrity": "sha512-3bYs1rOD33uo8aqJfKP3JWPAibgw8Zm2+L9vBKEHJ2Rg+viTR7o5Mmv5mZcieN+FRYaAOWX5SJATX6k1PWz72g==",
      "dev": true,
      "license": "ISC",
      "optional": true,
      "dependencies": {
        "d3-color": "1 - 3"
      },
      "engines": {
        "node": ">=12"
      }
    },
    "node_modules/d3-selection": {
      "version": "3.0.0",
      "resolved": "https://registry.npmjs.org/d3-selection/-/d3-selection-3.0.0.tgz",
      "integrity": "sha512-fmTRWbNMmsmWq6xJV8D19U/gw/bwrHfNXxrIN+HfZgnzqTHp9jOmKMhsTUjXOJnZOdZY9Q28y4yebKzqDKlxlQ==",
      "dev": true,
      "license": "ISC",
      "optional": true,
      "engines": {
        "node": ">=12"
      }
    },
    "node_modules/d3-timer": {
      "version": "3.0.1",
      "resolved": "https://registry.npmjs.org/d3-timer/-/d3-timer-3.0.1.tgz",
      "integrity": "sha512-ndfJ/JxxMd3nw31uyKoY2naivF+r29V+Lc0svZxe1JvvIRmi8hUsrMvdOwgS1o6uBHmiz91geQ0ylPP0aj1VUA==",
      "dev": true,
      "license": "ISC",
      "optional": true,
      "engines": {
        "node": ">=12"
      }
    },
    "node_modules/d3-transition": {
      "version": "3.0.1",
      "resolved": "https://registry.npmjs.org/d3-transition/-/d3-transition-3.0.1.tgz",
      "integrity": "sha512-ApKvfjsSR6tg06xrL434C0WydLr7JewBB3V+/39RMHsaXTOG0zmt/OAXeng5M5LBm0ojmxJrpomQVZ1aPvBL4w==",
      "dev": true,
      "license": "ISC",
      "optional": true,
      "dependencies": {
        "d3-color": "1 - 3",
        "d3-dispatch": "1 - 3",
        "d3-ease": "1 - 3",
        "d3-interpolate": "1 - 3",
        "d3-timer": "1 - 3"
      },
      "engines": {
        "node": ">=12"
      },
      "peerDependencies": {
        "d3-selection": "2 - 3"
      }
    },
    "node_modules/dompurify": {
      "version": "3.4.13",
      "resolved": "https://registry.npmjs.org/dompurify/-/dompurify-3.4.13.tgz",
      "integrity": "sha512-2vmYIoqjze2d+kakP8S/nS5shfsl587kzwEjcGlTdiksUVgFHnFCsLYDVj/JNqJVOQZGSYBTmuycv0PodwmnMQ==",
      "dev": true,
      "license": "(MPL-2.0 OR Apache-2.0)",
      "optionalDependencies": {
        "@types/trusted-types": "^2.0.7"
      }
    },
    "node_modules/driver.js": {
      "version": "1.3.1",
      "resolved": "https://registry.npmjs.org/driver.js/-/driver.js-1.3.1.tgz",
      "integrity": "sha512-MvUdXbqSgEsgS/H9KyWb5Rxy0aE6BhOVT4cssi2x2XjmXea6qQfgdx32XKVLLSqTaIw7q/uxU5Xl3NV7+cN6FQ==",
      "dev": true,
      "license": "MIT"
    },
    "node_modules/marked": {
      "version": "12.0.2",
      "resolved": "https://registry.npmjs.org/marked/-/marked-12.0.2.tgz",
      "integrity": "sha512-qXUm7e/YKFoqFPYPa3Ukg9xlI5cyAtGmyEIzMfW//m6kXwCy2Ps9DYf5ioijFKQ8qyuscrHoY04iJGctu2Kg0Q==",
      "dev": true,
      "license": "MIT",
      "bin": {
        "marked": "bin/marked.js"
      },
      "engines": {
        "node": ">= 18"
      }
    }
  }
}
