{
  "name": "custom-controls",
  "version": "0.0.1",
  "lockfileVersion": 3,
  "requires": true,
  "packages": {
    "": {
      "name": "custom-controls",
      "version": "0.0.1",
      "license": "MIT",
      "devDependencies": {
        "@abap2ui5/linter": "^0.8.3",
        "@abaplint/cli": "^2.120.71",
        "@fortawesome/fontawesome-free": "6.7.2",
        "acorn": "^8.18.0",
        "animate.css": "4.1.1",
        "bwip-js": "4.11.4",
        "chart.js": "4.5.1",
        "chartjs-chart-venn": "4.3.7",
        "chartjs-chart-wordcloud": "4.4.5",
        "chartjs-plugin-annotation": "3.1.0",
        "chartjs-plugin-autocolors": "0.3.1",
        "chartjs-plugin-datalabels": "2.2.0",
        "chartjs-plugin-deferred": "2.0.0",
        "dompurify": "3.4.15",
        "driver.js": "1.8.0",
        "marked": "12.0.2",
        "suneditor": "3.3.3",
        "zxing-wasm": "3.1.4"
      },
      "engines": {
        "node": ">=22"
      }
    },
    "node_modules/@abap2ui5/linter": {
      "version": "0.8.3",
      "resolved": "https://registry.npmjs.org/@abap2ui5/linter/-/linter-0.8.3.tgz",
      "integrity": "sha512-WcdX2ftHpVcO60MMaBb6jRSDW//uFrOarE5S6uhDKzyCFN389/hQf1z76lmtYKDhJTtxtKwHRHZ1owHbvUbWjg==",
      "dev": true,
      "license": "MIT",
      "workspaces": [
        "linter-render"
      ],
      "bin": {
        "abap2ui5-lint": "cli.mjs",
        "abap2ui5lint": "cli.mjs"
      },
      "engines": {
        "node": ">=22"
      },
      "peerDependencies": {
        "@abap2ui5/linter-render": ">=0.7.0 <0.9.0",
        "@abap2ui5/render-runtime": ">=0.1.0 <0.8.0"
      },
      "peerDependenciesMeta": {
        "@abap2ui5/linter-render": {
          "optional": true
        },
        "@abap2ui5/render-runtime": {
          "optional": true
        }
      }
    },
    "node_modules/@abaplint/cli": {
      "version": "2.120.71",
      "resolved": "https://registry.npmjs.org/@abaplint/cli/-/cli-2.120.71.tgz",
      "integrity": "sha512-FHLQJsUpK5aHVICZfu1mMueOsYo6ekLndqal3bDbDJh56R4N8URErvN7TnkKOJBf3ctiegqAM5TZI7Rbw1rSJA==",
      "dev": true,
      "license": "MIT",
      "bin": {
        "abaplint": "abaplint"
      },
      "engines": {
        "node": ">=22.0.0"
      },
      "funding": {
        "url": "https://github.com/sponsors/larshp"
      }
    },
    "node_modules/@fortawesome/fontawesome-free": {
      "version": "6.7.2",
      "resolved": "https://registry.npmjs.org/@fortawesome/fontawesome-free/-/fontawesome-free-6.7.2.tgz",
      "integrity": "sha512-JUOtgFW6k9u4Y+xeIaEiLr3+cjoUPiAuLXoyKOJSia6Duzb7pq+A76P9ZdPDoAoxHdHzq6gE9/jKBGXlZT8FbA==",
      "dev": true,
      "license": "(CC-BY-4.0 AND OFL-1.1 AND MIT)",
      "engines": {
        "node": ">=6"
      }
    },
    "node_modules/@kurkle/color": {
      "version": "0.3.4",
      "resolved": "https://registry.npmjs.org/@kurkle/color/-/color-0.3.4.tgz",
      "integrity": "sha512-M5UknZPHRu3DEDWoipU6sE8PdkZ6Z/S+v4dD+Ke8IaNlpdSQah50lz1KtcFBa2vsdOnwbbnxJwVM4wty6udA5w==",
      "dev": true,
      "license": "MIT"
    },
    "node_modules/@types/d3": {
      "version": "3.5.53",
      "resolved": "https://registry.npmjs.org/@types/d3/-/d3-3.5.53.tgz",
      "integrity": "sha512-8yKQA9cAS6+wGsJpBysmnhlaaxlN42Qizqkw+h2nILSlS+MAG2z4JdO6p+PJrJ+ACvimkmLJL281h157e52psQ==",
      "dev": true,
      "license": "MIT"
    },
    "node_modules/@types/d3-cloud": {
      "version": "1.2.9",
      "resolved": "https://registry.npmjs.org/@types/d3-cloud/-/d3-cloud-1.2.9.tgz",
      "integrity": "sha512-5EWJvnlCrqTThGp8lYHx+DL00sOjx2HTlXH1WRe93k5pfOIhPQaL63NttaKYIbT7bTXp/USiunjNS/N4ipttIQ==",
      "dev": true,
      "license": "MIT",
      "dependencies": {
        "@types/d3": "^3"
      }
    },
    "node_modules/@types/emscripten": {
      "version": "1.41.6",
      "resolved": "https://registry.npmjs.org/@types/emscripten/-/emscripten-1.41.6.tgz",
      "integrity": "sha512-uN+9i8bFT5CUcZfyIEYDrSueACEyKGbUs5kC/72DGlZZoinh84sJfVV0i8UOJD1asdzkvLPBRrKs41kZ8MdEXg==",
      "dev": true,
      "license": "MIT"
    },
    "node_modules/@types/trusted-types": {
      "version": "2.0.7",
      "resolved": "https://registry.npmjs.org/@types/trusted-types/-/trusted-types-2.0.7.tgz",
      "integrity": "sha512-ScaPdn1dQczgbl0QFTeTOmVHFULt394XJgOQNoyVhZ6r2vLnMLJfBPd53SB52T/3G36VI1/g2MZaX0cwDuXsfw==",
      "dev": true,
      "license": "MIT",
      "optional": true
    },
    "node_modules/@upsetjs/venn.js": {
      "version": "2.0.0",
      "resolved": "https://registry.npmjs.org/@upsetjs/venn.js/-/venn.js-2.0.0.tgz",
      "integrity": "sha512-WbBhLrooyePuQ1VZxrJjtLvTc4NVfpOyKx0sKqioq9bX1C1m7Jgykkn8gLrtwumBioXIqam8DLxp88Adbue6Hw==",
      "dev": true,
      "license": "MIT",
      "optionalDependencies": {
        "d3-selection": "^3.0.0",
        "d3-transition": "^3.0.1"
      }
    },
    "node_modules/acorn": {
      "version": "8.18.0",
      "resolved": "https://registry.npmjs.org/acorn/-/acorn-8.18.0.tgz",
      "integrity": "sha512-lGq+9yr1/GuAWaVYIHRjvvySG5/4VfKIvC8EWxStPdcDh/Ka7FG3twP6v4d5BkravUilhIAsG4Qj83t02LWUPQ==",
      "dev": true,
      "license": "MIT",
      "bin": {
        "acorn": "bin/acorn"
      },
      "engines": {
        "node": ">=0.4.0"
      }
    },
    "node_modules/animate.css": {
      "version": "4.1.1",
      "resolved": "https://registry.npmjs.org/animate.css/-/animate.css-4.1.1.tgz",
      "integrity": "sha512-+mRmCTv6SbCmtYJCN4faJMNFVNN5EuCTTprDTAo7YzIGji2KADmakjVA3+8mVDkZ2Bf09vayB35lSQIex2+QaQ==",
      "dev": true,
      "license": "MIT"
    },
    "node_modules/bwip-js": {
      "version": "4.11.4",
      "resolved": "https://registry.npmjs.org/bwip-js/-/bwip-js-4.11.4.tgz",
      "integrity": "sha512-FOXnOQkinxog8FwxdnPB+8k2wRqwPnqXwxX37KcXOtMNW+9CinOkGv9MtIoRC4HX/UyogT0/9lIp6FDm2DcquQ==",
      "dev": true,
      "license": "MIT",
      "bin": {
        "bwip-js": "bin/bwip-js.js"
      }
    },
    "node_modules/chart.js": {
      "version": "4.5.1",
      "resolved": "https://registry.npmjs.org/chart.js/-/chart.js-4.5.1.tgz",
      "integrity": "sha512-GIjfiT9dbmHRiYi6Nl2yFCq7kkwdkp1W/lp2J99rX0yo9tgJGn3lKQATztIjb5tVtevcBtIdICNWqlq5+E8/Pw==",
      "dev": true,
      "license": "MIT",
      "dependencies": {
        "@kurkle/color": "^0.3.0"
      },
      "engines": {
        "pnpm": ">=8"
      }
    },
    "node_modules/chartjs-chart-venn": {
      "version": "4.3.7",
      "resolved": "https://registry.npmjs.org/chartjs-chart-venn/-/chartjs-chart-venn-4.3.7.tgz",
      "integrity": "sha512-8nJMlaZ4i41RzlJL+3dEreD+M9/c3t4EwH1TXK3BpE3ZqusbVsdlJyq38xeZ2njSYSeE8r5ECgFegOdUoiCIvA==",
      "dev": true,
      "license": "MIT",
      "dependencies": {
        "@upsetjs/venn.js": "^2.0.0"
      },
      "peerDependencies": {
        "chart.js": "^4.1.0"
      }
    },
    "node_modules/chartjs-chart-wordcloud": {
      "version": "4.4.5",
      "resolved": "https://registry.npmjs.org/chartjs-chart-wordcloud/-/chartjs-chart-wordcloud-4.4.5.tgz",
      "integrity": "sha512-x7gdE5BZyj31+bjHbZ/0tX4hB6un7TQhvwdO5qHhqpmJCS6bONHjMuDzSjL/Qw2uI6CT2/U04LGqBREHwBiK3g==",
      "dev": true,
      "license": "MIT",
      "dependencies": {
        "@types/d3-cloud": "^1.2.9",
        "d3-cloud": "^1.2.7"
      },
      "peerDependencies": {
        "chart.js": "^4.1.0"
      }
    },
    "node_modules/chartjs-plugin-annotation": {
      "version": "3.1.0",
      "resolved": "https://registry.npmjs.org/chartjs-plugin-annotation/-/chartjs-plugin-annotation-3.1.0.tgz",
      "integrity": "sha512-EkAed6/ycXD/7n0ShrlT1T2Hm3acnbFhgkIEJLa0X+M6S16x0zwj1Fv4suv/2bwayCT3jGPdAtI9uLcAMToaQQ==",
      "dev": true,
      "license": "MIT",
      "peerDependencies": {
        "chart.js": ">=4.0.0"
      }
    },
    "node_modules/chartjs-plugin-autocolors": {
      "version": "0.3.1",
      "resolved": "https://registry.npmjs.org/chartjs-plugin-autocolors/-/chartjs-plugin-autocolors-0.3.1.tgz",
      "integrity": "sha512-8FHemt0Ef5BM7kQimh4eAkCRFPBav4seUFi7nEaShX+DjZMU9V4LqEDgXNglKbnYTTn3QmoG4v9gyiQDUAk9WQ==",
      "dev": true,
      "license": "MIT",
      "peerDependencies": {
        "@kurkle/color": "^0.3.1",
        "chart.js": ">=2"
      }
    },
    "node_modules/chartjs-plugin-datalabels": {
      "version": "2.2.0",
      "resolved": "https://registry.npmjs.org/chartjs-plugin-datalabels/-/chartjs-plugin-datalabels-2.2.0.tgz",
      "integrity": "sha512-14ZU30lH7n89oq+A4bWaJPnAG8a7ZTk7dKf48YAzMvJjQtjrgg5Dpk9f+LbjCF6bpx3RAGTeL13IXpKQYyRvlw==",
      "dev": true,
      "license": "MIT",
      "peerDependencies": {
        "chart.js": ">=3.0.0"
      }
    },
    "node_modules/chartjs-plugin-deferred": {
      "version": "2.0.0",
      "resolved": "https://registry.npmjs.org/chartjs-plugin-deferred/-/chartjs-plugin-deferred-2.0.0.tgz",
      "integrity": "sha512-jq6b8Wt23WS6zxiX8oVB1MXq4uaJX2KGTyiqnq6xo4ctZPgFkT/FuIEKpJjsF1WkYv7ZQrqrrRg1fLw6O5ZEfQ==",
      "dev": true,
      "license": "MIT",
      "peerDependencies": {
        "chart.js": ">= 3.0.0"
      }
    },
    "node_modules/d3-cloud": {
      "version": "1.2.9",
      "resolved": "https://registry.npmjs.org/d3-cloud/-/d3-cloud-1.2.9.tgz",
      "integrity": "sha512-leL1GLneC9ZQtnV+6TGWrNlGfI1WX7S2arcTv2vae12DaXo5wjm6GBCkskXbrDlyOymd/A75Pyj1H37MW4BZ/Q==",
      "dev": true,
      "license": "BSD-3-Clause",
      "dependencies": {
        "d3-dispatch": "^1.0.3"
      }
    },
    "node_modules/d3-color": {
      "version": "3.1.0",
      "resolved": "https://registry.npmjs.org/d3-color/-/d3-color-3.1.0.tgz",
      "integrity": "sha512-zg/chbXyeBtMQ1LbD/WSoW2DpC3I0mpmPdW+ynRTj/x2DAWYrIY7qeZIHidozwV24m4iavr15lNwIwLxRmOxhA==",
      "dev": true,
      "license": "ISC",
      "optional": true,
      "engines": {
        "node": ">=12"
      }
    },
    "node_modules/d3-dispatch": {
      "version": "1.0.6",
      "resolved": "https://registry.npmjs.org/d3-dispatch/-/d3-dispatch-1.0.6.tgz",
      "integrity": "sha512-fVjoElzjhCEy+Hbn8KygnmMS7Or0a9sI2UzGwoB7cCtvI1XpVN9GpoYlnb3xt2YV66oXYb1fLJ8GMvP4hdU1RA==",
      "dev": true,
      "license": "BSD-3-Clause"
    },
    "node_modules/d3-ease": {
      "version": "3.0.1",
      "resolved": "https://registry.npmjs.org/d3-ease/-/d3-ease-3.0.1.tgz",
      "integrity": "sha512-wR/XK3D3XcLIZwpbvQwQ5fK+8Ykds1ip7A2Txe0yxncXSdq1L9skcG7blcedkOX+ZcgxGAmLX1FrRGbADwzi0w==",
      "dev": true,
      "license": "BSD-3-Clause",
      "optional": true,
      "engines": {
        "node": ">=12"
      }
    },
    "node_modules/d3-interpolate": {
      "version": "3.0.1",
      "resolved": "https://registry.npmjs.org/d3-interpolate/-/d3-interpolate-3.0.1.tgz",
      "integrity": "sha512-3bYs1rOD33uo8aqJfKP3JWPAibgw8Zm2+L9vBKEHJ2Rg+viTR7o5Mmv5mZcieN+FRYaAOWX5SJATX6k1PWz72g==",
      "dev": true,
      "license": "ISC",
      "optional": true,
      "dependencies": {
        "d3-color": "1 - 3"
      },
      "engines": {
        "node": ">=12"
      }
    },
    "node_modules/d3-selection": {
      "version": "3.0.0",
      "resolved": "https://registry.npmjs.org/d3-selection/-/d3-selection-3.0.0.tgz",
      "integrity": "sha512-fmTRWbNMmsmWq6xJV8D19U/gw/bwrHfNXxrIN+HfZgnzqTHp9jOmKMhsTUjXOJnZOdZY9Q28y4yebKzqDKlxlQ==",
      "dev": true,
      "license": "ISC",
      "optional": true,
      "engines": {
        "node": ">=12"
      }
    },
    "node_modules/d3-timer": {
      "version": "3.0.1",
      "resolved": "https://registry.npmjs.org/d3-timer/-/d3-timer-3.0.1.tgz",
      "integrity": "sha512-ndfJ/JxxMd3nw31uyKoY2naivF+r29V+Lc0svZxe1JvvIRmi8hUsrMvdOwgS1o6uBHmiz91geQ0ylPP0aj1VUA==",
      "dev": true,
      "license": "ISC",
      "optional": true,
      "engines": {
        "node": ">=12"
      }
    },
    "node_modules/d3-transition": {
      "version": "3.0.1",
      "resolved": "https://registry.npmjs.org/d3-transition/-/d3-transition-3.0.1.tgz",
      "integrity": "sha512-ApKvfjsSR6tg06xrL434C0WydLr7JewBB3V+/39RMHsaXTOG0zmt/OAXeng5M5LBm0ojmxJrpomQVZ1aPvBL4w==",
      "dev": true,
      "license": "ISC",
      "optional": true,
      "dependencies": {
        "d3-color": "1 - 3",
        "d3-dispatch": "1 - 3",
        "d3-ease": "1 - 3",
        "d3-interpolate": "1 - 3",
        "d3-timer": "1 - 3"
      },
      "engines": {
        "node": ">=12"
      },
      "peerDependencies": {
        "d3-selection": "2 - 3"
      }
    },
    "node_modules/dompurify": {
      "version": "3.4.15",
      "resolved": "https://registry.npmjs.org/dompurify/-/dompurify-3.4.15.tgz",
      "integrity": "sha512-EUBjM+B+lkDE41iE82DDSCfkoPGfXx8IxFxPMjNzm/Uk4xDet77rTN9wqlxlVg71kK7XGuUMv6wUxJUwwv+Xyw==",
      "dev": true,
      "license": "(MPL-2.0 OR Apache-2.0)",
      "optionalDependencies": {
        "@types/trusted-types": "^2.0.7"
      }
    },
    "node_modules/driver.js": {
      "version": "1.8.0",
      "resolved": "https://registry.npmjs.org/driver.js/-/driver.js-1.8.0.tgz",
      "integrity": "sha512-+8/IO7h1v14IzWh2GP60N7T3PFZweXwdn5e5POuxRSBoCYUojsBxzqawPeXh3YZIibRy7EehYNEyxe7slwwtdg==",
      "dev": true,
      "license": "MIT"
    },
    "node_modules/marked": {
      "version": "12.0.2",
      "resolved": "https://registry.npmjs.org/marked/-/marked-12.0.2.tgz",
      "integrity": "sha512-qXUm7e/YKFoqFPYPa3Ukg9xlI5cyAtGmyEIzMfW//m6kXwCy2Ps9DYf5ioijFKQ8qyuscrHoY04iJGctu2Kg0Q==",
      "dev": true,
      "license": "MIT",
      "bin": {
        "marked": "bin/marked.js"
      },
      "engines": {
        "node": ">= 18"
      }
    },
    "node_modules/suneditor": {
      "version": "3.3.3",
      "resolved": "https://registry.npmjs.org/suneditor/-/suneditor-3.3.3.tgz",
      "integrity": "sha512-p/e8ymutQOVDVfGnVo3kVAltkshQdfIDWoR/akMRGg4s1OUuz3eYQGMwd4HbER/oojXLV6YbRrRSQC6hHKSFvA==",
      "dev": true,
      "license": "MIT",
      "engines": {
        "node": ">=14.0.0"
      }
    },
    "node_modules/tagged-tag": {
      "version": "1.0.0",
      "resolved": "https://registry.npmjs.org/tagged-tag/-/tagged-tag-1.0.0.tgz",
      "integrity": "sha512-yEFYrVhod+hdNyx7g5Bnkkb0G6si8HJurOoOEgC8B/O0uXLHlaey/65KRv6cuWBNhBgHKAROVpc7QyYqE5gFng==",
      "dev": true,
      "license": "MIT",
      "engines": {
        "node": ">=20"
      },
      "funding": {
        "url": "https://github.com/sponsors/sindresorhus"
      }
    },
    "node_modules/type-fest": {
      "version": "5.10.0",
      "resolved": "https://registry.npmjs.org/type-fest/-/type-fest-5.10.0.tgz",
      "integrity": "sha512-NoSdpq/WEiAg5sjmBkmV/hfxv6HJH4NqPNrqjtSO5CwRmpsDfaf4begxW34KdJykH/l1yHtwBWQkCRdoXO8mPA==",
      "dev": true,
      "license": "(MIT OR CC0-1.0)",
      "dependencies": {
        "tagged-tag": "^1.0.0"
      },
      "engines": {
        "node": ">=20"
      },
      "funding": {
        "url": "https://github.com/sponsors/sindresorhus"
      }
    },
    "node_modules/zxing-wasm": {
      "version": "3.1.4",
      "resolved": "https://registry.npmjs.org/zxing-wasm/-/zxing-wasm-3.1.4.tgz",
      "integrity": "sha512-1+v8p7sauddySVNG+ye7GD/0TS95BG2ycdkrC+EnBrFBFkHeIghzUt2yVjtx3NucJeNrQnhT8yGAIz60Vx9o0w==",
      "dev": true,
      "license": "MIT",
      "dependencies": {
        "@types/emscripten": "^1.41.6",
        "type-fest": "^5.9.0"
      },
      "peerDependencies": {
        "@types/emscripten": ">=1.39.6"
      }
    }
  }
}
